{
  "originHash" : "9f371499486063626d29794eec0f660722dac0a2435e6356c4248e5b87e2a8e4",
  "pins" : [
    {
      "identity" : "tedee-mobile-sdk-ios",
      "kind" : "remoteSourceControl",
      "location" : "https://github.com/tedee-com/tedee-mobile-sdk-ios",
      "state" : {
        "revision" : "b4c1b03df99ac60460f336b164d0ca7d2378bddb",
        "version" : "0.0.7"
      }
    }
  ],
  "version" : 3
}
