// !$*UTF8*$!
{
	archiveVersion = 1;
	classes = {
	};
	objectVersion = 63;
	objects = {

/* Begin PBXBuildFile section */
		D33508202BAA0F34008FE2CA /* TedeeMobileSDK in Frameworks */ = {isa = PBXBuildFile; productRef = D335081F2BAA0F34008FE2CA /* TedeeMobileSDK */; };
		D3B3746F2B8F5E1B00EDA7A5 /* tedee_exampleApp.swift in Sources */ = {isa = PBXBuildFile; fileRef = D3B374682B8F5E1B00EDA7A5 /* tedee_exampleApp.swift */; };
		D3B374702B8F5E1B00EDA7A5 /* Assets.xcassets in Resources */ = {isa = PBXBuildFile; fileRef = D3B374692B8F5E1B00EDA7A5 /* Assets.xcassets */; };
		D3B374712B8F5E1B00EDA7A5 /* Preview Assets.xcassets in Resources */ = {isa = PBXBuildFile; fileRef = D3B3746B2B8F5E1B00EDA7A5 /* Preview Assets.xcassets */; };
		D3B374722B8F5E1B00EDA7A5 /* ContentViewModel.swift in Sources */ = {isa = PBXBuildFile; fileRef = D3B3746C2B8F5E1B00EDA7A5 /* ContentViewModel.swift */; };
		D3B374732B8F5E1B00EDA7A5 /* ContentView.swift in Sources */ = {isa = PBXBuildFile; fileRef = D3B3746D2B8F5E1B00EDA7A5 /* ContentView.swift */; };
		D3B374942B8F700A00EDA7A5 /* Configuration.swift in Sources */ = {isa = PBXBuildFile; fileRef = D3B374932B8F700A00EDA7A5 /* Configuration.swift */; };
		D3B374952B8F800B00EDA7A5 /* NotificationManager.swift in Sources */ = {isa = PBXBuildFile; fileRef = D3B374952B8F800A00EDA7A5 /* NotificationManager.swift */; };
/* End PBXBuildFile section */

/* Begin PBXCopyFilesBuildPhase section */
		D3BDD1102B88BC750099BF21 /* Embed Frameworks */ = {
			isa = PBXCopyFilesBuildPhase;
			buildActionMask = 2147483647;
			dstPath = "";
			dstSubfolderSpec = 10;
			files = (
			);
			name = "Embed Frameworks";
			runOnlyForDeploymentPostprocessing = 0;
		};
/* End PBXCopyFilesBuildPhase section */

/* Begin PBXFileReference section */
		D313E1CF2B8FB6EB0084DCA2 /* tedee example.app */ = {isa = PBXFileReference; explicitFileType = wrapper.application; includeInIndex = 0; path = "tedee example.app"; sourceTree = BUILT_PRODUCTS_DIR; };
		D3B374682B8F5E1B00EDA7A5 /* tedee_exampleApp.swift */ = {isa = PBXFileReference; fileEncoding = 4; lastKnownFileType = sourcecode.swift; path = tedee_exampleApp.swift; sourceTree = "<group>"; };
		D3B374692B8F5E1B00EDA7A5 /* Assets.xcassets */ = {isa = PBXFileReference; lastKnownFileType = folder.assetcatalog; path = Assets.xcassets; sourceTree = "<group>"; };
		D3B3746B2B8F5E1B00EDA7A5 /* Preview Assets.xcassets */ = {isa = PBXFileReference; lastKnownFileType = folder.assetcatalog; path = "Preview Assets.xcassets"; sourceTree = "<group>"; };
		D3B3746C2B8F5E1B00EDA7A5 /* ContentViewModel.swift */ = {isa = PBXFileReference; fileEncoding = 4; lastKnownFileType = sourcecode.swift; path = ContentViewModel.swift; sourceTree = "<group>"; };
		D3B3746D2B8F5E1B00EDA7A5 /* ContentView.swift */ = {isa = PBXFileReference; fileEncoding = 4; lastKnownFileType = sourcecode.swift; path = ContentView.swift; sourceTree = "<group>"; };
		D3B374932B8F700A00EDA7A5 /* Configuration.swift */ = {isa = PBXFileReference; lastKnownFileType = sourcecode.swift; path = Configuration.swift; sourceTree = "<group>"; };
		D3B374952B8F800A00EDA7A5 /* NotificationManager.swift */ = {isa = PBXFileReference; lastKnownFileType = sourcecode.swift; path = NotificationManager.swift; sourceTree = "<group>"; };
/* End PBXFileReference section */

/* Begin PBXFrameworksBuildPhase section */
		D354BB842B861FF5003AF9E3 /* Frameworks */ = {
			isa = PBXFrameworksBuildPhase;
			buildActionMask = 2147483647;
			files = (
				D33508202BAA0F34008FE2CA /* TedeeMobileSDK in Frameworks */,
			);
			runOnlyForDeploymentPostprocessing = 0;
		};
/* End PBXFrameworksBuildPhase section */

/* Begin PBXGroup section */
		D313E1D32B908E170084DCA2 /* Frameworks */ = {
			isa = PBXGroup;
			children = (
			);
			name = Frameworks;
			sourceTree = "<group>";
		};
		D354BB7E2B861FF5003AF9E3 = {
			isa = PBXGroup;
			children = (
				D3B374672B8F5E1B00EDA7A5 /* tedee example */,
				D313E1CF2B8FB6EB0084DCA2 /* tedee example.app */,
				D313E1D32B908E170084DCA2 /* Frameworks */,
			);
			sourceTree = "<group>";
		};
		D3B374672B8F5E1B00EDA7A5 /* tedee example */ = {
			isa = PBXGroup;
			children = (
				D3B374682B8F5E1B00EDA7A5 /* tedee_exampleApp.swift */,
				D3B374692B8F5E1B00EDA7A5 /* Assets.xcassets */,
				D3B3746A2B8F5E1B00EDA7A5 /* Preview Content */,
				D3B3746C2B8F5E1B00EDA7A5 /* ContentViewModel.swift */,
				D3B3746D2B8F5E1B00EDA7A5 /* ContentView.swift */,
				D3B374932B8F700A00EDA7A5 /* Configuration.swift */,
				D3B374952B8F800A00EDA7A5 /* NotificationManager.swift */,
			);
			path = "tedee example";
			sourceTree = "<group>";
		};
		D3B3746A2B8F5E1B00EDA7A5 /* Preview Content */ = {
			isa = PBXGroup;
			children = (
				D3B3746B2B8F5E1B00EDA7A5 /* Preview Assets.xcassets */,
			);
			path = "Preview Content";
			sourceTree = "<group>";
		};
/* End PBXGroup section */

/* Begin PBXNativeTarget section */
		D354BB862B861FF5003AF9E3 /* tedee example */ = {
			isa = PBXNativeTarget;
			buildConfigurationList = D354BB952B861FF8003AF9E3 /* Build configuration list for PBXNativeTarget "tedee example" */;
			buildPhases = (
				D354BB832B861FF5003AF9E3 /* Sources */,
				D354BB842B861FF5003AF9E3 /* Frameworks */,
				D354BB852B861FF5003AF9E3 /* Resources */,
				D3BDD1102B88BC750099BF21 /* Embed Frameworks */,
			);
			buildRules = (
			);
			dependencies = (
			);
			name = "tedee example";
			packageProductDependencies = (
				D335081F2BAA0F34008FE2CA /* TedeeMobileSDK */,
			);
			productName = TedeeLockTestApp;
			productReference = D313E1CF2B8FB6EB0084DCA2 /* tedee example.app */;
			productType = "com.apple.product-type.application";
		};
/* End PBXNativeTarget section */

/* Begin PBXProject section */
		D354BB7F2B861FF5003AF9E3 /* Project object */ = {
			isa = PBXProject;
			attributes = {
				BuildIndependentTargetsInParallel = 1;
				LastSwiftUpdateCheck = 1520;
				LastUpgradeCheck = 1520;
				TargetAttributes = {
					D354BB862B861FF5003AF9E3 = {
						CreatedOnToolsVersion = 15.2;
					};
				};
			};
			buildConfigurationList = D354BB822B861FF5003AF9E3 /* Build configuration list for PBXProject "tedee example" */;
			compatibilityVersion = "Xcode 15.3";
			developmentRegion = en;
			hasScannedForEncodings = 0;
			knownRegions = (
				en,
				Base,
			);
			mainGroup = D354BB7E2B861FF5003AF9E3;
			packageReferences = (
				D335081E2BAA0F34008FE2CA /* XCRemoteSwiftPackageReference "tedee-mobile-sdk-ios" */,
			);
			productRefGroup = D354BB7E2B861FF5003AF9E3;
			projectDirPath = "";
			projectRoot = "";
			targets = (
				D354BB862B861FF5003AF9E3 /* tedee example */,
			);
		};
/* End PBXProject section */

/* Begin PBXResourcesBuildPhase section */
		D354BB852B861FF5003AF9E3 /* Resources */ = {
			isa = PBXResourcesBuildPhase;
			buildActionMask = 2147483647;
			files = (
				D3B374712B8F5E1B00EDA7A5 /* Preview Assets.xcassets in Resources */,
				D3B374702B8F5E1B00EDA7A5 /* Assets.xcassets in Resources */,
			);
			runOnlyForDeploymentPostprocessing = 0;
		};
/* End PBXResourcesBuildPhase section */

/* Begin PBXSourcesBuildPhase section */
		D354BB832B861FF5003AF9E3 /* Sources */ = {
			isa = PBXSourcesBuildPhase;
			buildActionMask = 2147483647;
			files = (
				D3B374722B8F5E1B00EDA7A5 /* ContentViewModel.swift in Sources */,
				D3B3746F2B8F5E1B00EDA7A5 /* tedee_exampleApp.swift in Sources */,
				D3B374942B8F700A00EDA7A5 /* Configuration.swift in Sources */,
				D3B374732B8F5E1B00EDA7A5 /* ContentView.swift in Sources */,
				D3B374952B8F800B00EDA7A5 /* NotificationManager.swift in Sources */,
			);
			runOnlyForDeploymentPostprocessing = 0;
		};
/* End PBXSourcesBuildPhase section */

/* Begin XCBuildConfiguration section */
		D354BB932B861FF8003AF9E3 /* Debug */ = {
			isa = XCBuildConfiguration;
			buildSettings = {
				ALWAYS_SEARCH_USER_PATHS = NO;
				ASSETCATALOG_COMPILER_GENERATE_SWIFT_ASSET_SYMBOL_EXTENSIONS = YES;
				CLANG_ANALYZER_NONNULL = YES;
				CLANG_ANALYZER_NUMBER_OBJECT_CONVERSION = YES_AGGRESSIVE;
				CLANG_CXX_LANGUAGE_STANDARD = "gnu++20";
				CLANG_ENABLE_MODULES = YES;
				CLANG_ENABLE_OBJC_ARC = YES;
				CLANG_ENABLE_OBJC_WEAK = YES;
				CLANG_WARN_BLOCK_CAPTURE_AUTORELEASING = YES;
				CLANG_WARN_BOOL_CONVERSION = YES;
				CLANG_WARN_COMMA = YES;
				CLANG_WARN_CONSTANT_CONVERSION = YES;
				CLANG_WARN_DEPRECATED_OBJC_IMPLEMENTATIONS = YES;
				CLANG_WARN_DIRECT_OBJC_ISA_USAGE = YES_ERROR;
				CLANG_WARN_DOCUMENTATION_COMMENTS = YES;
				CLANG_WARN_EMPTY_BODY = YES;
				CLANG_WARN_ENUM_CONVERSION = YES;
				CLANG_WARN_INFINITE_RECURSION = YES;
				CLANG_WARN_INT_CONVERSION = YES;
				CLANG_WARN_NON_LITERAL_NULL_CONVERSION = YES;
				CLANG_WARN_OBJC_IMPLICIT_RETAIN_SELF = YES;
				CLANG_WARN_OBJC_LITERAL_CONVERSION = YES;
				CLANG_WARN_OBJC_ROOT_CLASS = YES_ERROR;
				CLANG_WARN_QUOTED_INCLUDE_IN_FRAMEWORK_HEADER = YES;
				CLANG_WARN_RANGE_LOOP_ANALYSIS = YES;
				CLANG_WARN_STRICT_PROTOTYPES = YES;
				CLANG_WARN_SUSPICIOUS_MOVE = YES;
				CLANG_WARN_UNGUARDED_AVAILABILITY = YES_AGGRESSIVE;
				CLANG_WARN_UNREACHABLE_CODE = YES;
				CLANG_WARN__DUPLICATE_METHOD_MATCH = YES;
				COPY_PHASE_STRIP = NO;
				DEBUG_INFORMATION_FORMAT = dwarf;
				ENABLE_STRICT_OBJC_MSGSEND = YES;
				ENABLE_TESTABILITY = YES;
				ENABLE_USER_SCRIPT_SANDBOXING = YES;
				GCC_C_LANGUAGE_STANDARD = gnu17;
				GCC_DYNAMIC_NO_PIC = NO;
				GCC_NO_COMMON_BLOCKS = YES;
				GCC_OPTIMIZATION_LEVEL = 0;
				GCC_PREPROCESSOR_DEFINITIONS = (
					"DEBUG=1",
					"$(inherited)",
				);
				GCC_WARN_64_TO_32_BIT_CONVERSION = YES;
				GCC_WARN_ABOUT_RETURN_TYPE = YES_ERROR;
				GCC_WARN_UNDECLARED_SELECTOR = YES;
				GCC_WARN_UNINITIALIZED_AUTOS = YES_AGGRESSIVE;
				GCC_WARN_UNUSED_FUNCTION = YES;
				GCC_WARN_UNUSED_VARIABLE = YES;
				IPHONEOS_DEPLOYMENT_TARGET = 17.2;
				LOCALIZATION_PREFERS_STRING_CATALOGS = YES;
				MTL_ENABLE_DEBUG_INFO = INCLUDE_SOURCE;
				MTL_FAST_MATH = YES;
				ONLY_ACTIVE_ARCH = YES;
				SDKROOT = iphoneos;
				SWIFT_ACTIVE_COMPILATION_CONDITIONS = "DEBUG $(inherited)";
				SWIFT_OPTIMIZATION_LEVEL = "-Onone";
			};
			name = Debug;
		};
		D354BB942B861FF8003AF9E3 /* Release */ = {
			isa = XCBuildConfiguration;
			buildSettings = {
				ALWAYS_SEARCH_USER_PATHS = NO;
				ASSETCATALOG_COMPILER_GENERATE_SWIFT_ASSET_SYMBOL_EXTENSIONS = YES;
				CLANG_ANALYZER_NONNULL = YES;
				CLANG_ANALYZER_NUMBER_OBJECT_CONVERSION = YES_AGGRESSIVE;
				CLANG_CXX_LANGUAGE_STANDARD = "gnu++20";
				CLANG_ENABLE_MODULES = YES;
				CLANG_ENABLE_OBJC_ARC = YES;
				CLANG_ENABLE_OBJC_WEAK = YES;
				CLANG_WARN_BLOCK_CAPTURE_AUTORELEASING = YES;
				CLANG_WARN_BOOL_CONVERSION = YES;
				CLANG_WARN_COMMA = YES;
				CLANG_WARN_CONSTANT_CONVERSION = YES;
				CLANG_WARN_DEPRECATED_OBJC_IMPLEMENTATIONS = YES;
				CLANG_WARN_DIRECT_OBJC_ISA_USAGE = YES_ERROR;
				CLANG_WARN_DOCUMENTATION_COMMENTS = YES;
				CLANG_WARN_EMPTY_BODY = YES;
				CLANG_WARN_ENUM_CONVERSION = YES;
				CLANG_WARN_INFINITE_RECURSION = YES;
				CLANG_WARN_INT_CONVERSION = YES;
				CLANG_WARN_NON_LITERAL_NULL_CONVERSION = YES;
				CLANG_WARN_OBJC_IMPLICIT_RETAIN_SELF = YES;
				CLANG_WARN_OBJC_LITERAL_CONVERSION = YES;
				CLANG_WARN_OBJC_ROOT_CLASS = YES_ERROR;
				CLANG_WARN_QUOTED_INCLUDE_IN_FRAMEWORK_HEADER = YES;
				CLANG_WARN_RANGE_LOOP_ANALYSIS = YES;
				CLANG_WARN_STRICT_PROTOTYPES = YES;
				CLANG_WARN_SUSPICIOUS_MOVE = YES;
				CLANG_WARN_UNGUARDED_AVAILABILITY = YES_AGGRESSIVE;
				CLANG_WARN_UNREACHABLE_CODE = YES;
				CLANG_WARN__DUPLICATE_METHOD_MATCH = YES;
				COPY_PHASE_STRIP = NO;
				DEBUG_INFORMATION_FORMAT = "dwarf-with-dsym";
				ENABLE_NS_ASSERTIONS = NO;
				ENABLE_STRICT_OBJC_MSGSEND = YES;
				ENABLE_USER_SCRIPT_SANDBOXING = YES;
				GCC_C_LANGUAGE_STANDARD = gnu17;
				GCC_NO_COMMON_BLOCKS = YES;
				GCC_WARN_64_TO_32_BIT_CONVERSION = YES;
				GCC_WARN_ABOUT_RETURN_TYPE = YES_ERROR;
				GCC_WARN_UNDECLARED_SELECTOR = YES;
				GCC_WARN_UNINITIALIZED_AUTOS = YES_AGGRESSIVE;
				GCC_WARN_UNUSED_FUNCTION = YES;
				GCC_WARN_UNUSED_VARIABLE = YES;
				IPHONEOS_DEPLOYMENT_TARGET = 17.2;
				LOCALIZATION_PREFERS_STRING_CATALOGS = YES;
				MTL_ENABLE_DEBUG_INFO = NO;
				MTL_FAST_MATH = YES;
				SDKROOT = iphoneos;
				SWIFT_COMPILATION_MODE = wholemodule;
				VALIDATE_PRODUCT = YES;
			};
			name = Release;
		};
		D354BB962B861FF8003AF9E3 /* Debug */ = {
			isa = XCBuildConfiguration;
			buildSettings = {
				ASSETCATALOG_COMPILER_APPICON_NAME = AppIcon;
				ASSETCATALOG_COMPILER_GLOBAL_ACCENT_COLOR_NAME = AccentColor;
				CODE_SIGN_STYLE = Automatic;
				CURRENT_PROJECT_VERSION = 1;
				DEVELOPMENT_ASSET_PATHS = "\"tedee example/Preview Content\"";
				DEVELOPMENT_TEAM = 272JBGZJ8C;
				ENABLE_PREVIEWS = YES;
				GENERATE_INFOPLIST_FILE = YES;
				INFOPLIST_KEY_NSBluetoothAlwaysUsageDescription = "Bluetooth is required to make connection to tedee Lock";
				INFOPLIST_KEY_UIApplicationSceneManifest_Generation = YES;
				INFOPLIST_KEY_UIApplicationSupportsIndirectInputEvents = YES;
				INFOPLIST_KEY_UIBackgroundModes = "bluetooth-central";
				INFOPLIST_KEY_UILaunchScreen_Generation = YES;
				INFOPLIST_KEY_UISupportedInterfaceOrientations_iPad = "UIInterfaceOrientationPortrait UIInterfaceOrientationPortraitUpsideDown UIInterfaceOrientationLandscapeLeft UIInterfaceOrientationLandscapeRight";
				INFOPLIST_KEY_UISupportedInterfaceOrientations_iPhone = "UIInterfaceOrientationPortrait UIInterfaceOrientationLandscapeLeft UIInterfaceOrientationLandscapeRight";
				LD_RUNPATH_SEARCH_PATHS = (
					"$(inherited)",
					"@executable_path/Frameworks",
				);
				MARKETING_VERSION = 1.0;
				PRODUCT_BUNDLE_IDENTIFIER = tedee.example;
				PRODUCT_NAME = "$(TARGET_NAME)";
				SWIFT_EMIT_LOC_STRINGS = YES;
				SWIFT_VERSION = 5.0;
				TARGETED_DEVICE_FAMILY = "1,2";
			};
			name = Debug;
		};
		D354BB972B861FF8003AF9E3 /* Release */ = {
			isa = XCBuildConfiguration;
			buildSettings = {
				ASSETCATALOG_COMPILER_APPICON_NAME = AppIcon;
				ASSETCATALOG_COMPILER_GLOBAL_ACCENT_COLOR_NAME = AccentColor;
				CODE_SIGN_STYLE = Automatic;
				CURRENT_PROJECT_VERSION = 1;
				DEVELOPMENT_ASSET_PATHS = "\"tedee example/Preview Content\"";
				DEVELOPMENT_TEAM = 272JBGZJ8C;
				ENABLE_PREVIEWS = YES;
				GENERATE_INFOPLIST_FILE = YES;
				INFOPLIST_KEY_NSBluetoothAlwaysUsageDescription = "Bluetooth is required to make connection to tedee Lock";
				INFOPLIST_KEY_UIApplicationSceneManifest_Generation = YES;
				INFOPLIST_KEY_UIApplicationSupportsIndirectInputEvents = YES;
				INFOPLIST_KEY_UIBackgroundModes = "bluetooth-central";
				INFOPLIST_KEY_UILaunchScreen_Generation = YES;
				INFOPLIST_KEY_UISupportedInterfaceOrientations_iPad = "UIInterfaceOrientationPortrait UIInterfaceOrientationPortraitUpsideDown UIInterfaceOrientationLandscapeLeft UIInterfaceOrientationLandscapeRight";
				INFOPLIST_KEY_UISupportedInterfaceOrientations_iPhone = "UIInterfaceOrientationPortrait UIInterfaceOrientationLandscapeLeft UIInterfaceOrientationLandscapeRight";
				LD_RUNPATH_SEARCH_PATHS = (
					"$(inherited)",
					"@executable_path/Frameworks",
				);
				MARKETING_VERSION = 1.0;
				PRODUCT_BUNDLE_IDENTIFIER = tedee.example;
				PRODUCT_NAME = "$(TARGET_NAME)";
				SWIFT_EMIT_LOC_STRINGS = YES;
				SWIFT_VERSION = 5.0;
				TARGETED_DEVICE_FAMILY = "1,2";
			};
			name = Release;
		};
/* End XCBuildConfiguration section */

/* Begin XCConfigurationList section */
		D354BB822B861FF5003AF9E3 /* Build configuration list for PBXProject "tedee example" */ = {
			isa = XCConfigurationList;
			buildConfigurations = (
				D354BB932B861FF8003AF9E3 /* Debug */,
				D354BB942B861FF8003AF9E3 /* Release */,
			);
			defaultConfigurationIsVisible = 0;
			defaultConfigurationName = Release;
		};
		D354BB952B861FF8003AF9E3 /* Build configuration list for PBXNativeTarget "tedee example" */ = {
			isa = XCConfigurationList;
			buildConfigurations = (
				D354BB962B861FF8003AF9E3 /* Debug */,
				D354BB972B861FF8003AF9E3 /* Release */,
			);
			defaultConfigurationIsVisible = 0;
			defaultConfigurationName = Release;
		};
/* End XCConfigurationList section */

/* Begin XCRemoteSwiftPackageReference section */
		D335081E2BAA0F34008FE2CA /* XCRemoteSwiftPackageReference "tedee-mobile-sdk-ios" */ = {
			isa = XCRemoteSwiftPackageReference;
			repositoryURL = "https://github.com/tedee-com/tedee-mobile-sdk-ios";
			requirement = {
				kind = upToNextMajorVersion;
				minimumVersion = 0.0.7;
			};
		};
/* End XCRemoteSwiftPackageReference section */

/* Begin XCSwiftPackageProductDependency section */
		D335081F2BAA0F34008FE2CA /* TedeeMobileSDK */ = {
			isa = XCSwiftPackageProductDependency;
			package = D335081E2BAA0F34008FE2CA /* XCRemoteSwiftPackageReference "tedee-mobile-sdk-ios" */;
			productName = TedeeMobileSDK;
		};
/* End XCSwiftPackageProductDependency section */
	};
	rootObject = D354BB7F2B861FF5003AF9E3 /* Project object */;
}
